// !$*UTF8*$!
{
	archiveVersion = 1;
	classes = {
	};
	objectVersion = 51;
	objects = {

/* Begin PBXBuildFile section */
		B70095C623C016A8005F0BF0 /* GoogleService-Info.plist in Resources */ = {isa = PBXBuildFile; fileRef = B70095C523C016A8005F0BF0 /* GoogleService-Info.plist */; };
		B70B80E523769EF10083A183 /* RoutineEditorScreen-bluetooth.swift in Sources */ = {isa = PBXBuildFile; fileRef = B70B80E423769EF10083A183 /* RoutineEditorScreen-bluetooth.swift */; };
		B71DCEB523640E0500D54AF1 /* AppDelegate.swift in Sources */ = {isa = PBXBuildFile; fileRef = B71DCEB423640E0500D54AF1 /* AppDelegate.swift */; };
		B71DCEB723640E0500D54AF1 /* SceneDelegate.swift in Sources */ = {isa = PBXBuildFile; fileRef = B71DCEB623640E0500D54AF1 /* SceneDelegate.swift */; };
		B71DCEB923640E0500D54AF1 /* BluetoothViewController.swift in Sources */ = {isa = PBXBuildFile; fileRef = B71DCEB823640E0500D54AF1 /* BluetoothViewController.swift */; };
		B71DCEBC23640E0500D54AF1 /* Main.storyboard in Resources */ = {isa = PBXBuildFile; fileRef = B71DCEBA23640E0500D54AF1 /* Main.storyboard */; };
		B71DCEBE23640E0500D54AF1 /* Assets.xcassets in Resources */ = {isa = PBXBuildFile; fileRef = B71DCEBD23640E0500D54AF1 /* Assets.xcassets */; };
		B71DCEC123640E0500D54AF1 /* LaunchScreen.storyboard in Resources */ = {isa = PBXBuildFile; fileRef = B71DCEBF23640E0500D54AF1 /* LaunchScreen.storyboard */; };
		B71DCEC92364100000D54AF1 /* BluetoothLib.swift in Sources */ = {isa = PBXBuildFile; fileRef = B71DCEC82364100000D54AF1 /* BluetoothLib.swift */; };
		B71DCECD23641A3700D54AF1 /* ExternalAccessory.framework in Frameworks */ = {isa = PBXBuildFile; fileRef = B71DCECC23641A3700D54AF1 /* ExternalAccessory.framework */; };
		B71DCED22364444A00D54AF1 /* DataStack.swift in Sources */ = {isa = PBXBuildFile; fileRef = B71DCED12364444A00D54AF1 /* DataStack.swift */; };
		B71DCED42364447000D54AF1 /* Utils.swift in Sources */ = {isa = PBXBuildFile; fileRef = B71DCED32364447000D54AF1 /* Utils.swift */; };
		B71DCED6236444C000D54AF1 /* RobinsCache.swift in Sources */ = {isa = PBXBuildFile; fileRef = B71DCED5236444C000D54AF1 /* RobinsCache.swift */; };
		B71DCED8236444FD00D54AF1 /* RoutineManagerScreen.swift in Sources */ = {isa = PBXBuildFile; fileRef = B71DCED7236444FD00D54AF1 /* RoutineManagerScreen.swift */; };
		B75CEAB42387718100C3E4BA /* PiBluetooth.swift in Sources */ = {isa = PBXBuildFile; fileRef = B75CEAB32387718100C3E4BA /* PiBluetooth.swift */; };
		B75E5BEF23CFBCED0078AFFD /* SongFileStore.swift in Sources */ = {isa = PBXBuildFile; fileRef = B75E5BEE23CFBCED0078AFFD /* SongFileStore.swift */; };
		B75E5BF123CFC9F20078AFFD /* RoutineEditorScreen-masterPlayer.swift in Sources */ = {isa = PBXBuildFile; fileRef = B75E5BF023CFC9F20078AFFD /* RoutineEditorScreen-masterPlayer.swift */; };
		B78848A3236446DA00D3A9DF /* RobinVC.swift in Sources */ = {isa = PBXBuildFile; fileRef = B78848A2236446DA00D3A9DF /* RobinVC.swift */; };
		B78848A5236446F800D3A9DF /* RoutineManagerScreen-initUI.swift in Sources */ = {isa = PBXBuildFile; fileRef = B78848A4236446F800D3A9DF /* RoutineManagerScreen-initUI.swift */; };
		B78848A72364472E00D3A9DF /* RoutineManagerScreen-logic.swift in Sources */ = {isa = PBXBuildFile; fileRef = B78848A62364472E00D3A9DF /* RoutineManagerScreen-logic.swift */; };
		B78848A92364476800D3A9DF /* UIAttributes.swift in Sources */ = {isa = PBXBuildFile; fileRef = B78848A82364476800D3A9DF /* UIAttributes.swift */; };
		B78848AB236449AE00D3A9DF /* RoutineManagerScreen-table.swift in Sources */ = {isa = PBXBuildFile; fileRef = B78848AA236449AE00D3A9DF /* RoutineManagerScreen-table.swift */; };
		B78848AD236449EF00D3A9DF /* Routine.swift in Sources */ = {isa = PBXBuildFile; fileRef = B78848AC236449EF00D3A9DF /* Routine.swift */; };
		B78848AF23644AC700D3A9DF /* DesignDelegate.swift in Sources */ = {isa = PBXBuildFile; fileRef = B78848AE23644AC700D3A9DF /* DesignDelegate.swift */; };
		B78848B323644C6200D3A9DF /* RoutineManager.swift in Sources */ = {isa = PBXBuildFile; fileRef = B78848B223644C6200D3A9DF /* RoutineManager.swift */; };
		B78848B72364573800D3A9DF /* RoutineEditorScreen.swift in Sources */ = {isa = PBXBuildFile; fileRef = B78848B62364573800D3A9DF /* RoutineEditorScreen.swift */; };
		B78848BA236457AA00D3A9DF /* RoutineEditorScreen-initUI.swift in Sources */ = {isa = PBXBuildFile; fileRef = B78848B9236457AA00D3A9DF /* RoutineEditorScreen-initUI.swift */; };
		B78848BC236457C000D3A9DF /* RoutineManagerScreen-sys.swift in Sources */ = {isa = PBXBuildFile; fileRef = B78848BB236457C000D3A9DF /* RoutineManagerScreen-sys.swift */; };
		B78848BE2364597B00D3A9DF /* RoutineEditorScreen-logic.swift in Sources */ = {isa = PBXBuildFile; fileRef = B78848BD2364597B00D3A9DF /* RoutineEditorScreen-logic.swift */; };
		B78848C023645A8400D3A9DF /* RoutineEditorScreen-table.swift in Sources */ = {isa = PBXBuildFile; fileRef = B78848BF23645A8400D3A9DF /* RoutineEditorScreen-table.swift */; };
		B78848C523645D4900D3A9DF /* Song.swift in Sources */ = {isa = PBXBuildFile; fileRef = B78848C423645D4900D3A9DF /* Song.swift */; };
		B78848C823649D3800D3A9DF /* TimelineCell.swift in Sources */ = {isa = PBXBuildFile; fileRef = B78848C723649D3700D3A9DF /* TimelineCell.swift */; };
		B78848CA2364B26D00D3A9DF /* RoutineEditorScreen-runtime.swift in Sources */ = {isa = PBXBuildFile; fileRef = B78848C92364B26D00D3A9DF /* RoutineEditorScreen-runtime.swift */; };
		B78848CC2364BF1D00D3A9DF /* RoutineEditorScreen-sys.swift in Sources */ = {isa = PBXBuildFile; fileRef = B78848CB2364BF1D00D3A9DF /* RoutineEditorScreen-sys.swift */; };
		B78848CE236546CC00D3A9DF /* AddDeviceScreen.swift in Sources */ = {isa = PBXBuildFile; fileRef = B78848CD236546CC00D3A9DF /* AddDeviceScreen.swift */; };
		B78848D12365470700D3A9DF /* AddDeviceScreen-initUI.swift in Sources */ = {isa = PBXBuildFile; fileRef = B78848D02365470700D3A9DF /* AddDeviceScreen-initUI.swift */; };
		B78848D32365471A00D3A9DF /* AddDeviceScreen-logic.swift in Sources */ = {isa = PBXBuildFile; fileRef = B78848D22365471A00D3A9DF /* AddDeviceScreen-logic.swift */; };
		B78848D5236547A200D3A9DF /* Devices.swift in Sources */ = {isa = PBXBuildFile; fileRef = B78848D4236547A200D3A9DF /* Devices.swift */; };
		B78848D723654BB600D3A9DF /* AddDeviceScreen-table.swift in Sources */ = {isa = PBXBuildFile; fileRef = B78848D623654BB600D3A9DF /* AddDeviceScreen-table.swift */; };
		B78848D92365534800D3A9DF /* Event.swift in Sources */ = {isa = PBXBuildFile; fileRef = B78848D82365534800D3A9DF /* Event.swift */; };
		B78848DB2365703000D3A9DF /* EventEditScreen.swift in Sources */ = {isa = PBXBuildFile; fileRef = B78848DA2365703000D3A9DF /* EventEditScreen.swift */; };
		B78848DE23657E5800D3A9DF /* EventEditScreen-initUI.swift in Sources */ = {isa = PBXBuildFile; fileRef = B78848DD23657E5800D3A9DF /* EventEditScreen-initUI.swift */; };
		B78848E023657E9000D3A9DF /* EventEditScreen-logic.swift in Sources */ = {isa = PBXBuildFile; fileRef = B78848DF23657E9000D3A9DF /* EventEditScreen-logic.swift */; };
		B78848E22365A21E00D3A9DF /* EventEditScreen-table.swift in Sources */ = {isa = PBXBuildFile; fileRef = B78848E12365A21E00D3A9DF /* EventEditScreen-table.swift */; };
		B78848E42365F54900D3A9DF /* TrackExportManager.swift in Sources */ = {isa = PBXBuildFile; fileRef = B78848E32365F54900D3A9DF /* TrackExportManager.swift */; };
		F003907E695E218A2367D5FC /* Pods_RobinsLight.framework in Frameworks */ = {isa = PBXBuildFile; fileRef = 44D0D61EE7E52DCE3A07C211 /* Pods_RobinsLight.framework */; };
/* End PBXBuildFile section */

/* Begin PBXFileReference section */
		03892C8496FE1B80F9CF2191 /* Pods-RobinsLight.debug.xcconfig */ = {isa = PBXFileReference; includeInIndex = 1; lastKnownFileType = text.xcconfig; name = "Pods-RobinsLight.debug.xcconfig"; path = "Target Support Files/Pods-RobinsLight/Pods-RobinsLight.debug.xcconfig"; sourceTree = "<group>"; };
		3ED081D96AAE1739F2E39996 /* Pods-RobinsLight.release.xcconfig */ = {isa = PBXFileReference; includeInIndex = 1; lastKnownFileType = text.xcconfig; name = "Pods-RobinsLight.release.xcconfig"; path = "Target Support Files/Pods-RobinsLight/Pods-RobinsLight.release.xcconfig"; sourceTree = "<group>"; };
		44D0D61EE7E52DCE3A07C211 /* Pods_RobinsLight.framework */ = {isa = PBXFileReference; explicitFileType = wrapper.framework; includeInIndex = 0; path = Pods_RobinsLight.framework; sourceTree = BUILT_PRODUCTS_DIR; };
		B70095C523C016A8005F0BF0 /* GoogleService-Info.plist */ = {isa = PBXFileReference; fileEncoding = 4; lastKnownFileType = text.plist.xml; path = "GoogleService-Info.plist"; sourceTree = "<group>"; };
		B70B80E423769EF10083A183 /* RoutineEditorScreen-bluetooth.swift */ = {isa = PBXFileReference; lastKnownFileType = sourcecode.swift; path = "RoutineEditorScreen-bluetooth.swift"; sourceTree = "<group>"; };
		B71DCEB123640E0500D54AF1 /* RobinsLight.app */ = {isa = PBXFileReference; explicitFileType = wrapper.application; includeInIndex = 0; path = RobinsLight.app; sourceTree = BUILT_PRODUCTS_DIR; };
		B71DCEB423640E0500D54AF1 /* AppDelegate.swift */ = {isa = PBXFileReference; lastKnownFileType = sourcecode.swift; path = AppDelegate.swift; sourceTree = "<group>"; };
		B71DCEB623640E0500D54AF1 /* SceneDelegate.swift */ = {isa = PBXFileReference; lastKnownFileType = sourcecode.swift; path = SceneDelegate.swift; sourceTree = "<group>"; };
		B71DCEB823640E0500D54AF1 /* BluetoothViewController.swift */ = {isa = PBXFileReference; lastKnownFileType = sourcecode.swift; path = BluetoothViewController.swift; sourceTree = "<group>"; };
		B71DCEBB23640E0500D54AF1 /* Base */ = {isa = PBXFileReference; lastKnownFileType = file.storyboard; name = Base; path = Base.lproj/Main.storyboard; sourceTree = "<group>"; };
		B71DCEBD23640E0500D54AF1 /* Assets.xcassets */ = {isa = PBXFileReference; lastKnownFileType = folder.assetcatalog; path = Assets.xcassets; sourceTree = "<group>"; };
		B71DCEC023640E0500D54AF1 /* Base */ = {isa = PBXFileReference; lastKnownFileType = file.storyboard; name = Base; path = Base.lproj/LaunchScreen.storyboard; sourceTree = "<group>"; };
		B71DCEC223640E0500D54AF1 /* Info.plist */ = {isa = PBXFileReference; lastKnownFileType = text.plist.xml; path = Info.plist; sourceTree = "<group>"; };
		B71DCEC82364100000D54AF1 /* BluetoothLib.swift */ = {isa = PBXFileReference; lastKnownFileType = sourcecode.swift; path = BluetoothLib.swift; sourceTree = "<group>"; };
		B71DCECA23641A3700D54AF1 /* RobinsLight.entitlements */ = {isa = PBXFileReference; lastKnownFileType = text.plist.entitlements; path = RobinsLight.entitlements; sourceTree = "<group>"; };
		B71DCECC23641A3700D54AF1 /* ExternalAccessory.framework */ = {isa = PBXFileReference; lastKnownFileType = wrapper.framework; name = ExternalAccessory.framework; path = System/Library/Frameworks/ExternalAccessory.framework; sourceTree = SDKROOT; };
		B71DCED12364444A00D54AF1 /* DataStack.swift */ = {isa = PBXFileReference; lastKnownFileType = sourcecode.swift; path = DataStack.swift; sourceTree = "<group>"; };
		B71DCED32364447000D54AF1 /* Utils.swift */ = {isa = PBXFileReference; lastKnownFileType = sourcecode.swift; path = Utils.swift; sourceTree = "<group>"; };
		B71DCED5236444C000D54AF1 /* RobinsCache.swift */ = {isa = PBXFileReference; lastKnownFileType = sourcecode.swift; path = RobinsCache.swift; sourceTree = "<group>"; };
		B71DCED7236444FD00D54AF1 /* RoutineManagerScreen.swift */ = {isa = PBXFileReference; lastKnownFileType = sourcecode.swift; path = RoutineManagerScreen.swift; sourceTree = "<group>"; };
		B75CEAB32387718100C3E4BA /* PiBluetooth.swift */ = {isa = PBXFileReference; fileEncoding = 4; lastKnownFileType = sourcecode.swift; path = PiBluetooth.swift; sourceTree = "<group>"; };
		B75E5BEE23CFBCED0078AFFD /* SongFileStore.swift */ = {isa = PBXFileReference; lastKnownFileType = sourcecode.swift; path = SongFileStore.swift; sourceTree = "<group>"; };
		B75E5BF023CFC9F20078AFFD /* RoutineEditorScreen-masterPlayer.swift */ = {isa = PBXFileReference; lastKnownFileType = sourcecode.swift; path = "RoutineEditorScreen-masterPlayer.swift"; sourceTree = "<group>"; };
		B78848A2236446DA00D3A9DF /* RobinVC.swift */ = {isa = PBXFileReference; lastKnownFileType = sourcecode.swift; path = RobinVC.swift; sourceTree = "<group>"; };
		B78848A4236446F800D3A9DF /* RoutineManagerScreen-initUI.swift */ = {isa = PBXFileReference; lastKnownFileType = sourcecode.swift; path = "RoutineManagerScreen-initUI.swift"; sourceTree = "<group>"; };
		B78848A62364472E00D3A9DF /* RoutineManagerScreen-logic.swift */ = {isa = PBXFileReference; lastKnownFileType = sourcecode.swift; path = "RoutineManagerScreen-logic.swift"; sourceTree = "<group>"; };
		B78848A82364476800D3A9DF /* UIAttributes.swift */ = {isa = PBXFileReference; lastKnownFileType = sourcecode.swift; path = UIAttributes.swift; sourceTree = "<group>"; };
		B78848AA236449AE00D3A9DF /* RoutineManagerScreen-table.swift */ = {isa = PBXFileReference; lastKnownFileType = sourcecode.swift; path = "RoutineManagerScreen-table.swift"; sourceTree = "<group>"; };
		B78848AC236449EF00D3A9DF /* Routine.swift */ = {isa = PBXFileReference; lastKnownFileType = sourcecode.swift; path = Routine.swift; sourceTree = "<group>"; };
		B78848AE23644AC700D3A9DF /* DesignDelegate.swift */ = {isa = PBXFileReference; lastKnownFileType = sourcecode.swift; path = DesignDelegate.swift; sourceTree = "<group>"; };
		B78848B223644C6200D3A9DF /* RoutineManager.swift */ = {isa = PBXFileReference; fileEncoding = 4; lastKnownFileType = sourcecode.swift; path = RoutineManager.swift; sourceTree = "<group>"; };
		B78848B62364573800D3A9DF /* RoutineEditorScreen.swift */ = {isa = PBXFileReference; lastKnownFileType = sourcecode.swift; path = RoutineEditorScreen.swift; sourceTree = "<group>"; };
		B78848B9236457AA00D3A9DF /* RoutineEditorScreen-initUI.swift */ = {isa = PBXFileReference; lastKnownFileType = sourcecode.swift; path = "RoutineEditorScreen-initUI.swift"; sourceTree = "<group>"; };
		B78848BB236457C000D3A9DF /* RoutineManagerScreen-sys.swift */ = {isa = PBXFileReference; lastKnownFileType = sourcecode.swift; path = "RoutineManagerScreen-sys.swift"; sourceTree = "<group>"; };
		B78848BD2364597B00D3A9DF /* RoutineEditorScreen-logic.swift */ = {isa = PBXFileReference; lastKnownFileType = sourcecode.swift; path = "RoutineEditorScreen-logic.swift"; sourceTree = "<group>"; };
		B78848BF23645A8400D3A9DF /* RoutineEditorScreen-table.swift */ = {isa = PBXFileReference; lastKnownFileType = sourcecode.swift; path = "RoutineEditorScreen-table.swift"; sourceTree = "<group>"; };
		B78848C423645D4900D3A9DF /* Song.swift */ = {isa = PBXFileReference; lastKnownFileType = sourcecode.swift; path = Song.swift; sourceTree = "<group>"; };
		B78848C723649D3700D3A9DF /* TimelineCell.swift */ = {isa = PBXFileReference; fileEncoding = 4; lastKnownFileType = sourcecode.swift; path = TimelineCell.swift; sourceTree = "<group>"; };
		B78848C92364B26D00D3A9DF /* RoutineEditorScreen-runtime.swift */ = {isa = PBXFileReference; lastKnownFileType = sourcecode.swift; path = "RoutineEditorScreen-runtime.swift"; sourceTree = "<group>"; };
		B78848CB2364BF1D00D3A9DF /* RoutineEditorScreen-sys.swift */ = {isa = PBXFileReference; lastKnownFileType = sourcecode.swift; path = "RoutineEditorScreen-sys.swift"; sourceTree = "<group>"; };
		B78848CD236546CC00D3A9DF /* AddDeviceScreen.swift */ = {isa = PBXFileReference; lastKnownFileType = sourcecode.swift; path = AddDeviceScreen.swift; sourceTree = "<group>"; };
		B78848D02365470700D3A9DF /* AddDeviceScreen-initUI.swift */ = {isa = PBXFileReference; lastKnownFileType = sourcecode.swift; path = "AddDeviceScreen-initUI.swift"; sourceTree = "<group>"; };
		B78848D22365471A00D3A9DF /* AddDeviceScreen-logic.swift */ = {isa = PBXFileReference; lastKnownFileType = sourcecode.swift; path = "AddDeviceScreen-logic.swift"; sourceTree = "<group>"; };
		B78848D4236547A200D3A9DF /* Devices.swift */ = {isa = PBXFileReference; lastKnownFileType = sourcecode.swift; path = Devices.swift; sourceTree = "<group>"; };
		B78848D623654BB600D3A9DF /* AddDeviceScreen-table.swift */ = {isa = PBXFileReference; lastKnownFileType = sourcecode.swift; path = "AddDeviceScreen-table.swift"; sourceTree = "<group>"; };
		B78848D82365534800D3A9DF /* Event.swift */ = {isa = PBXFileReference; lastKnownFileType = sourcecode.swift; path = Event.swift; sourceTree = "<group>"; };
		B78848DA2365703000D3A9DF /* EventEditScreen.swift */ = {isa = PBXFileReference; lastKnownFileType = sourcecode.swift; path = EventEditScreen.swift; sourceTree = "<group>"; };
		B78848DD23657E5800D3A9DF /* EventEditScreen-initUI.swift */ = {isa = PBXFileReference; lastKnownFileType = sourcecode.swift; path = "EventEditScreen-initUI.swift"; sourceTree = "<group>"; };
		B78848DF23657E9000D3A9DF /* EventEditScreen-logic.swift */ = {isa = PBXFileReference; lastKnownFileType = sourcecode.swift; path = "EventEditScreen-logic.swift"; sourceTree = "<group>"; };
		B78848E12365A21E00D3A9DF /* EventEditScreen-table.swift */ = {isa = PBXFileReference; lastKnownFileType = sourcecode.swift; path = "EventEditScreen-table.swift"; sourceTree = "<group>"; };
		B78848E32365F54900D3A9DF /* TrackExportManager.swift */ = {isa = PBXFileReference; lastKnownFileType = sourcecode.swift; path = TrackExportManager.swift; sourceTree = "<group>"; };
/* End PBXFileReference section */

/* Begin PBXFrameworksBuildPhase section */
		B71DCEAE23640E0500D54AF1 /* Frameworks */ = {
			isa = PBXFrameworksBuildPhase;
			buildActionMask = 2147483647;
			files = (
				B71DCECD23641A3700D54AF1 /* ExternalAccessory.framework in Frameworks */,
				F003907E695E218A2367D5FC /* Pods_RobinsLight.framework in Frameworks */,
			);
			runOnlyForDeploymentPostprocessing = 0;
		};
/* End PBXFrameworksBuildPhase section */

/* Begin PBXGroup section */
		B71DCEA823640E0500D54AF1 = {
			isa = PBXGroup;
			children = (
				B71DCEB323640E0500D54AF1 /* RobinsLight */,
				B71DCEB223640E0500D54AF1 /* Products */,
				B71DCECB23641A3700D54AF1 /* Frameworks */,
				E46BF85AD45B0369A14627DC /* Pods */,
			);
			sourceTree = "<group>";
		};
		B71DCEB223640E0500D54AF1 /* Products */ = {
			isa = PBXGroup;
			children = (
				B71DCEB123640E0500D54AF1 /* RobinsLight.app */,
			);
			name = Products;
			sourceTree = "<group>";
		};
		B71DCEB323640E0500D54AF1 /* RobinsLight */ = {
			isa = PBXGroup;
			children = (
				B71DCECA23641A3700D54AF1 /* RobinsLight.entitlements */,
				B70095C523C016A8005F0BF0 /* GoogleService-Info.plist */,
				B71DCED32364447000D54AF1 /* Utils.swift */,
				B78848C323645D4000D3A9DF /* Models */,
				B78848A82364476800D3A9DF /* UIAttributes.swift */,
				B7D574FD23644618004188E0 /* ViewControllers */,
				B71DCED02364444100D54AF1 /* Managers */,
				B71DCECE236443BD00D54AF1 /* SysDelegates */,
				B71DCECF236443DB00D54AF1 /* BluetoothClients */,
				B71DCEBD23640E0500D54AF1 /* Assets.xcassets */,
				B71DCEBA23640E0500D54AF1 /* Main.storyboard */,
				B71DCEBF23640E0500D54AF1 /* LaunchScreen.storyboard */,
				B71DCEC223640E0500D54AF1 /* Info.plist */,
			);
			path = RobinsLight;
			sourceTree = "<group>";
		};
		B71DCECB23641A3700D54AF1 /* Frameworks */ = {
			isa = PBXGroup;
			children = (
				B71DCECC23641A3700D54AF1 /* ExternalAccessory.framework */,
				44D0D61EE7E52DCE3A07C211 /* Pods_RobinsLight.framework */,
			);
			name = Frameworks;
			sourceTree = "<group>";
		};
		B71DCECE236443BD00D54AF1 /* SysDelegates */ = {
			isa = PBXGroup;
			children = (
				B71DCEB423640E0500D54AF1 /* AppDelegate.swift */,
				B71DCEB623640E0500D54AF1 /* SceneDelegate.swift */,
				B78848AE23644AC700D3A9DF /* DesignDelegate.swift */,
			);
			path = SysDelegates;
			sourceTree = "<group>";
		};
		B71DCECF236443DB00D54AF1 /* BluetoothClients */ = {
			isa = PBXGroup;
			children = (
				B71DCEB823640E0500D54AF1 /* BluetoothViewController.swift */,
				B71DCEC82364100000D54AF1 /* BluetoothLib.swift */,
				B75CEAB32387718100C3E4BA /* PiBluetooth.swift */,
			);
			path = BluetoothClients;
			sourceTree = "<group>";
		};
		B71DCED02364444100D54AF1 /* Managers */ = {
			isa = PBXGroup;
			children = (
				B71DCED12364444A00D54AF1 /* DataStack.swift */,
				B71DCED5236444C000D54AF1 /* RobinsCache.swift */,
				B75E5BEE23CFBCED0078AFFD /* SongFileStore.swift */,
				B78848B223644C6200D3A9DF /* RoutineManager.swift */,
				B78848E32365F54900D3A9DF /* TrackExportManager.swift */,
			);
			path = Managers;
			sourceTree = "<group>";
		};
		B78848B82364574000D3A9DF /* RoutineEditorScreen */ = {
			isa = PBXGroup;
			children = (
				B78848B62364573800D3A9DF /* RoutineEditorScreen.swift */,
				B78848B9236457AA00D3A9DF /* RoutineEditorScreen-initUI.swift */,
				B78848C92364B26D00D3A9DF /* RoutineEditorScreen-runtime.swift */,
				B78848BD2364597B00D3A9DF /* RoutineEditorScreen-logic.swift */,
				B70B80E423769EF10083A183 /* RoutineEditorScreen-bluetooth.swift */,
				B78848BF23645A8400D3A9DF /* RoutineEditorScreen-table.swift */,
				B78848CB2364BF1D00D3A9DF /* RoutineEditorScreen-sys.swift */,
				B75E5BF023CFC9F20078AFFD /* RoutineEditorScreen-masterPlayer.swift */,
				B78848C623645FA200D3A9DF /* SupportViews */,
			);
			path = RoutineEditorScreen;
			sourceTree = "<group>";
		};
		B78848C323645D4000D3A9DF /* Models */ = {
			isa = PBXGroup;
			children = (
				B78848AC236449EF00D3A9DF /* Routine.swift */,
				B78848C423645D4900D3A9DF /* Song.swift */,
				B78848D82365534800D3A9DF /* Event.swift */,
				B78848D4236547A200D3A9DF /* Devices.swift */,
			);
			path = Models;
			sourceTree = "<group>";
		};
		B78848C623645FA200D3A9DF /* SupportViews */ = {
			isa = PBXGroup;
			children = (
				B78848C723649D3700D3A9DF /* TimelineCell.swift */,
			);
			path = SupportViews;
			sourceTree = "<group>";
		};
		B78848CF236546D500D3A9DF /* AddDeviceScreen */ = {
			isa = PBXGroup;
			children = (
				B78848CD236546CC00D3A9DF /* AddDeviceScreen.swift */,
				B78848D02365470700D3A9DF /* AddDeviceScreen-initUI.swift */,
				B78848D22365471A00D3A9DF /* AddDeviceScreen-logic.swift */,
				B78848D623654BB600D3A9DF /* AddDeviceScreen-table.swift */,
			);
			path = AddDeviceScreen;
			sourceTree = "<group>";
		};
		B78848DC23657E4700D3A9DF /* EventEditScreen */ = {
			isa = PBXGroup;
			children = (
				B78848DA2365703000D3A9DF /* EventEditScreen.swift */,
				B78848DD23657E5800D3A9DF /* EventEditScreen-initUI.swift */,
				B78848DF23657E9000D3A9DF /* EventEditScreen-logic.swift */,
				B78848E12365A21E00D3A9DF /* EventEditScreen-table.swift */,
			);
			path = EventEditScreen;
			sourceTree = "<group>";
		};
		B7D574FC23644612004188E0 /* SetManagerScreen */ = {
			isa = PBXGroup;
			children = (
				B71DCED7236444FD00D54AF1 /* RoutineManagerScreen.swift */,
				B78848A4236446F800D3A9DF /* RoutineManagerScreen-initUI.swift */,
				B78848A62364472E00D3A9DF /* RoutineManagerScreen-logic.swift */,
				B78848AA236449AE00D3A9DF /* RoutineManagerScreen-table.swift */,
				B78848BB236457C000D3A9DF /* RoutineManagerScreen-sys.swift */,
			);
			path = SetManagerScreen;
			sourceTree = "<group>";
		};
		B7D574FD23644618004188E0 /* ViewControllers */ = {
			isa = PBXGroup;
			children = (
				B78848A2236446DA00D3A9DF /* RobinVC.swift */,
				B78848DC23657E4700D3A9DF /* EventEditScreen */,
				B78848CF236546D500D3A9DF /* AddDeviceScreen */,
				B7D574FC23644612004188E0 /* SetManagerScreen */,
				B78848B82364574000D3A9DF /* RoutineEditorScreen */,
			);
			path = ViewControllers;
			sourceTree = "<group>";
		};
		E46BF85AD45B0369A14627DC /* Pods */ = {
			isa = PBXGroup;
			children = (
				03892C8496FE1B80F9CF2191 /* Pods-RobinsLight.debug.xcconfig */,
				3ED081D96AAE1739F2E39996 /* Pods-RobinsLight.release.xcconfig */,
			);
			path = Pods;
			sourceTree = "<group>";
		};
/* End PBXGroup section */

/* Begin PBXNativeTarget section */
		B71DCEB023640E0500D54AF1 /* RobinsLight */ = {
			isa = PBXNativeTarget;
			buildConfigurationList = B71DCEC523640E0500D54AF1 /* Build configuration list for PBXNativeTarget "RobinsLight" */;
			buildPhases = (
				652682562F2091120D4F8F3C /* [CP] Check Pods Manifest.lock */,
				B71DCEAD23640E0500D54AF1 /* Sources */,
				B71DCEAE23640E0500D54AF1 /* Frameworks */,
				B71DCEAF23640E0500D54AF1 /* Resources */,
				9416C34B3135E8F78EF4B853 /* [CP] Embed Pods Frameworks */,
			);
			buildRules = (
			);
			dependencies = (
			);
			name = RobinsLight;
			productName = RobinsLight;
			productReference = B71DCEB123640E0500D54AF1 /* RobinsLight.app */;
			productType = "com.apple.product-type.application";
		};
/* End PBXNativeTarget section */

/* Begin PBXProject section */
		B71DCEA923640E0500D54AF1 /* Project object */ = {
			isa = PBXProject;
			attributes = {
				LastSwiftUpdateCheck = 1100;
				LastUpgradeCheck = 1100;
				ORGANIZATIONNAME = "Mobile Developers of Berkeley";
				TargetAttributes = {
					B71DCEB023640E0500D54AF1 = {
						CreatedOnToolsVersion = 11.0;
					};
				};
			};
			buildConfigurationList = B71DCEAC23640E0500D54AF1 /* Build configuration list for PBXProject "RobinsLight" */;
			compatibilityVersion = "Xcode 9.3";
			developmentRegion = en;
			hasScannedForEncodings = 0;
			knownRegions = (
				en,
				Base,
			);
			mainGroup = B71DCEA823640E0500D54AF1;
			productRefGroup = B71DCEB223640E0500D54AF1 /* Products */;
			projectDirPath = "";
			projectRoot = "";
			targets = (
				B71DCEB023640E0500D54AF1 /* RobinsLight */,
			);
		};
/* End PBXProject section */

/* Begin PBXResourcesBuildPhase section */
		B71DCEAF23640E0500D54AF1 /* Resources */ = {
			isa = PBXResourcesBuildPhase;
			buildActionMask = 2147483647;
			files = (
				B71DCEC123640E0500D54AF1 /* LaunchScreen.storyboard in Resources */,
				B70095C623C016A8005F0BF0 /* GoogleService-Info.plist in Resources */,
				B71DCEBE23640E0500D54AF1 /* Assets.xcassets in Resources */,
				B71DCEBC23640E0500D54AF1 /* Main.storyboard in Resources */,
			);
			runOnlyForDeploymentPostprocessing = 0;
		};
/* End PBXResourcesBuildPhase section */

/* Begin PBXShellScriptBuildPhase section */
		652682562F2091120D4F8F3C /* [CP] Check Pods Manifest.lock */ = {
			isa = PBXShellScriptBuildPhase;
			buildActionMask = 2147483647;
			files = (
			);
			inputFileListPaths = (
			);
			inputPaths = (
				"${PODS_PODFILE_DIR_PATH}/Podfile.lock",
				"${PODS_ROOT}/Manifest.lock",
			);
			name = "[CP] Check Pods Manifest.lock";
			outputFileListPaths = (
			);
			outputPaths = (
				"$(DERIVED_FILE_DIR)/Pods-RobinsLight-checkManifestLockResult.txt",
			);
			runOnlyForDeploymentPostprocessing = 0;
			shellPath = /bin/sh;
			shellScript = "diff \"${PODS_PODFILE_DIR_PATH}/Podfile.lock\" \"${PODS_ROOT}/Manifest.lock\" > /dev/null\nif [ $? != 0 ] ; then\n    # print error to STDERR\n    echo \"error: The sandbox is not in sync with the Podfile.lock. Run 'pod install' or update your CocoaPods installation.\" >&2\n    exit 1\nfi\n# This output is used by Xcode 'outputs' to avoid re-running this script phase.\necho \"SUCCESS\" > \"${SCRIPT_OUTPUT_FILE_0}\"\n";
			showEnvVarsInLog = 0;
		};
		9416C34B3135E8F78EF4B853 /* [CP] Embed Pods Frameworks */ = {
			isa = PBXShellScriptBuildPhase;
			buildActionMask = 2147483647;
			files = (
			);
			inputFileListPaths = (
				"${PODS_ROOT}/Target Support Files/Pods-RobinsLight/Pods-RobinsLight-frameworks-${CONFIGURATION}-input-files.xcfilelist",
			);
			name = "[CP] Embed Pods Frameworks";
			outputFileListPaths = (
				"${PODS_ROOT}/Target Support Files/Pods-RobinsLight/Pods-RobinsLight-frameworks-${CONFIGURATION}-output-files.xcfilelist",
			);
			runOnlyForDeploymentPostprocessing = 0;
			shellPath = /bin/sh;
			shellScript = "\"${PODS_ROOT}/Target Support Files/Pods-RobinsLight/Pods-RobinsLight-frameworks.sh\"\n";
			showEnvVarsInLog = 0;
		};
/* End PBXShellScriptBuildPhase section */

/* Begin PBXSourcesBuildPhase section */
		B71DCEAD23640E0500D54AF1 /* Sources */ = {
			isa = PBXSourcesBuildPhase;
			buildActionMask = 2147483647;
			files = (
				B78848A72364472E00D3A9DF /* RoutineManagerScreen-logic.swift in Sources */,
				B78848A5236446F800D3A9DF /* RoutineManagerScreen-initUI.swift in Sources */,
				B78848A92364476800D3A9DF /* UIAttributes.swift in Sources */,
				B71DCED8236444FD00D54AF1 /* RoutineManagerScreen.swift in Sources */,
				B71DCED22364444A00D54AF1 /* DataStack.swift in Sources */,
				B78848C023645A8400D3A9DF /* RoutineEditorScreen-table.swift in Sources */,
				B78848B72364573800D3A9DF /* RoutineEditorScreen.swift in Sources */,
				B78848E023657E9000D3A9DF /* EventEditScreen-logic.swift in Sources */,
				B78848DE23657E5800D3A9DF /* EventEditScreen-initUI.swift in Sources */,
				B78848BA236457AA00D3A9DF /* RoutineEditorScreen-initUI.swift in Sources */,
				B78848BC236457C000D3A9DF /* RoutineManagerScreen-sys.swift in Sources */,
				B78848CC2364BF1D00D3A9DF /* RoutineEditorScreen-sys.swift in Sources */,
				B78848C823649D3800D3A9DF /* TimelineCell.swift in Sources */,
				B78848C523645D4900D3A9DF /* Song.swift in Sources */,
				B71DCEB923640E0500D54AF1 /* BluetoothViewController.swift in Sources */,
				B78848D92365534800D3A9DF /* Event.swift in Sources */,
				B71DCEB523640E0500D54AF1 /* AppDelegate.swift in Sources */,
				B75E5BEF23CFBCED0078AFFD /* SongFileStore.swift in Sources */,
				B78848E42365F54900D3A9DF /* TrackExportManager.swift in Sources */,
				B78848A3236446DA00D3A9DF /* RobinVC.swift in Sources */,
				B70B80E523769EF10083A183 /* RoutineEditorScreen-bluetooth.swift in Sources */,
				B78848CA2364B26D00D3A9DF /* RoutineEditorScreen-runtime.swift in Sources */,
				B78848AD236449EF00D3A9DF /* Routine.swift in Sources */,
				B71DCED6236444C000D54AF1 /* RobinsCache.swift in Sources */,
				B78848D32365471A00D3A9DF /* AddDeviceScreen-logic.swift in Sources */,
				B78848D5236547A200D3A9DF /* Devices.swift in Sources */,
				B71DCEC92364100000D54AF1 /* BluetoothLib.swift in Sources */,
				B78848CE236546CC00D3A9DF /* AddDeviceScreen.swift in Sources */,
				B75E5BF123CFC9F20078AFFD /* RoutineEditorScreen-masterPlayer.swift in Sources */,
				B78848D723654BB600D3A9DF /* AddDeviceScreen-table.swift in Sources */,
				B78848DB2365703000D3A9DF /* EventEditScreen.swift in Sources */,
				B78848BE2364597B00D3A9DF /* RoutineEditorScreen-logic.swift in Sources */,
				B78848E22365A21E00D3A9DF /* EventEditScreen-table.swift in Sources */,
				B71DCEB723640E0500D54AF1 /* SceneDelegate.swift in Sources */,
				B78848D12365470700D3A9DF /* AddDeviceScreen-initUI.swift in Sources */,
				B78848AB236449AE00D3A9DF /* RoutineManagerScreen-table.swift in Sources */,
				B71DCED42364447000D54AF1 /* Utils.swift in Sources */,
				B75CEAB42387718100C3E4BA /* PiBluetooth.swift in Sources */,
				B78848AF23644AC700D3A9DF /* DesignDelegate.swift in Sources */,
				B78848B323644C6200D3A9DF /* RoutineManager.swift in Sources */,
			);
			runOnlyForDeploymentPostprocessing = 0;
		};
/* End PBXSourcesBuildPhase section */

/* Begin PBXVariantGroup section */
		B71DCEBA23640E0500D54AF1 /* Main.storyboard */ = {
			isa = PBXVariantGroup;
			children = (
				B71DCEBB23640E0500D54AF1 /* Base */,
			);
			name = Main.storyboard;
			sourceTree = "<group>";
		};
		B71DCEBF23640E0500D54AF1 /* LaunchScreen.storyboard */ = {
			isa = PBXVariantGroup;
			children = (
				B71DCEC023640E0500D54AF1 /* Base */,
			);
			name = LaunchScreen.storyboard;
			sourceTree = "<group>";
		};
/* End PBXVariantGroup section */

/* Begin XCBuildConfiguration section */
		B71DCEC323640E0500D54AF1 /* Debug */ = {
			isa = XCBuildConfiguration;
			buildSettings = {
				ALWAYS_SEARCH_USER_PATHS = NO;
				CLANG_ANALYZER_NONNULL = YES;
				CLANG_ANALYZER_NUMBER_OBJECT_CONVERSION = YES_AGGRESSIVE;
				CLANG_CXX_LANGUAGE_STANDARD = "gnu++14";
				CLANG_CXX_LIBRARY = "libc++";
				CLANG_ENABLE_MODULES = YES;
				CLANG_ENABLE_OBJC_ARC = YES;
				CLANG_ENABLE_OBJC_WEAK = YES;
				CLANG_WARN_BLOCK_CAPTURE_AUTORELEASING = YES;
				CLANG_WARN_BOOL_CONVERSION = YES;
				CLANG_WARN_COMMA = YES;
				CLANG_WARN_CONSTANT_CONVERSION = YES;
				CLANG_WARN_DEPRECATED_OBJC_IMPLEMENTATIONS = YES;
				CLANG_WARN_DIRECT_OBJC_ISA_USAGE = YES_ERROR;
				CLANG_WARN_DOCUMENTATION_COMMENTS = YES;
				CLANG_WARN_EMPTY_BODY = YES;
				CLANG_WARN_ENUM_CONVERSION = YES;
				CLANG_WARN_INFINITE_RECURSION = YES;
				CLANG_WARN_INT_CONVERSION = YES;
				CLANG_WARN_NON_LITERAL_NULL_CONVERSION = YES;
				CLANG_WARN_OBJC_IMPLICIT_RETAIN_SELF = YES;
				CLANG_WARN_OBJC_LITERAL_CONVERSION = YES;
				CLANG_WARN_OBJC_ROOT_CLASS = YES_ERROR;
				CLANG_WARN_RANGE_LOOP_ANALYSIS = YES;
				CLANG_WARN_STRICT_PROTOTYPES = YES;
				CLANG_WARN_SUSPICIOUS_MOVE = YES;
				CLANG_WARN_UNGUARDED_AVAILABILITY = YES_AGGRESSIVE;
				CLANG_WARN_UNREACHABLE_CODE = YES;
				CLANG_WARN__DUPLICATE_METHOD_MATCH = YES;
				COPY_PHASE_STRIP = NO;
				DEBUG_INFORMATION_FORMAT = dwarf;
				ENABLE_STRICT_OBJC_MSGSEND = YES;
				ENABLE_TESTABILITY = YES;
				GCC_C_LANGUAGE_STANDARD = gnu11;
				GCC_DYNAMIC_NO_PIC = NO;
				GCC_NO_COMMON_BLOCKS = YES;
				GCC_OPTIMIZATION_LEVEL = 0;
				GCC_PREPROCESSOR_DEFINITIONS = (
					"DEBUG=1",
					"$(inherited)",
				);
				GCC_WARN_64_TO_32_BIT_CONVERSION = YES;
				GCC_WARN_ABOUT_RETURN_TYPE = YES_ERROR;
				GCC_WARN_UNDECLARED_SELECTOR = YES;
				GCC_WARN_UNINITIALIZED_AUTOS = YES_AGGRESSIVE;
				GCC_WARN_UNUSED_FUNCTION = YES;
				GCC_WARN_UNUSED_VARIABLE = YES;
				IPHONEOS_DEPLOYMENT_TARGET = 13.0;
				MTL_ENABLE_DEBUG_INFO = INCLUDE_SOURCE;
				MTL_FAST_MATH = YES;
				ONLY_ACTIVE_ARCH = YES;
				SDKROOT = iphoneos;
				SWIFT_ACTIVE_COMPILATION_CONDITIONS = DEBUG;
				SWIFT_OPTIMIZATION_LEVEL = "-Onone";
			};
			name = Debug;
		};
		B71DCEC423640E0500D54AF1 /* Release */ = {
			isa = XCBuildConfiguration;
			buildSettings = {
				ALWAYS_SEARCH_USER_PATHS = NO;
				CLANG_ANALYZER_NONNULL = YES;
				CLANG_ANALYZER_NUMBER_OBJECT_CONVERSION = YES_AGGRESSIVE;
				CLANG_CXX_LANGUAGE_STANDARD = "gnu++14";
				CLANG_CXX_LIBRARY = "libc++";
				CLANG_ENABLE_MODULES = YES;
				CLANG_ENABLE_OBJC_ARC = YES;
				CLANG_ENABLE_OBJC_WEAK = YES;
				CLANG_WARN_BLOCK_CAPTURE_AUTORELEASING = YES;
				CLANG_WARN_BOOL_CONVERSION = YES;
				CLANG_WARN_COMMA = YES;
				CLANG_WARN_CONSTANT_CONVERSION = YES;
				CLANG_WARN_DEPRECATED_OBJC_IMPLEMENTATIONS = YES;
				CLANG_WARN_DIRECT_OBJC_ISA_USAGE = YES_ERROR;
				CLANG_WARN_DOCUMENTATION_COMMENTS = YES;
				CLANG_WARN_EMPTY_BODY = YES;
				CLANG_WARN_ENUM_CONVERSION = YES;
				CLANG_WARN_INFINITE_RECURSION = YES;
				CLANG_WARN_INT_CONVERSION = YES;
				CLANG_WARN_NON_LITERAL_NULL_CONVERSION = YES;
				CLANG_WARN_OBJC_IMPLICIT_RETAIN_SELF = YES;
				CLANG_WARN_OBJC_LITERAL_CONVERSION = YES;
				CLANG_WARN_OBJC_ROOT_CLASS = YES_ERROR;
				CLANG_WARN_RANGE_LOOP_ANALYSIS = YES;
				CLANG_WARN_STRICT_PROTOTYPES = YES;
				CLANG_WARN_SUSPICIOUS_MOVE = YES;
				CLANG_WARN_UNGUARDED_AVAILABILITY = YES_AGGRESSIVE;
				CLANG_WARN_UNREACHABLE_CODE = YES;
				CLANG_WARN__DUPLICATE_METHOD_MATCH = YES;
				COPY_PHASE_STRIP = NO;
				DEBUG_INFORMATION_FORMAT = "dwarf-with-dsym";
				ENABLE_NS_ASSERTIONS = NO;
				ENABLE_STRICT_OBJC_MSGSEND = YES;
				GCC_C_LANGUAGE_STANDARD = gnu11;
				GCC_NO_COMMON_BLOCKS = YES;
				GCC_WARN_64_TO_32_BIT_CONVERSION = YES;
				GCC_WARN_ABOUT_RETURN_TYPE = YES_ERROR;
				GCC_WARN_UNDECLARED_SELECTOR = YES;
				GCC_WARN_UNINITIALIZED_AUTOS = YES_AGGRESSIVE;
				GCC_WARN_UNUSED_FUNCTION = YES;
				GCC_WARN_UNUSED_VARIABLE = YES;
				IPHONEOS_DEPLOYMENT_TARGET = 13.0;
				MTL_ENABLE_DEBUG_INFO = NO;
				MTL_FAST_MATH = YES;
				SDKROOT = iphoneos;
				SWIFT_COMPILATION_MODE = wholemodule;
				SWIFT_OPTIMIZATION_LEVEL = "-O";
				VALIDATE_PRODUCT = YES;
			};
			name = Release;
		};
		B71DCEC623640E0500D54AF1 /* Debug */ = {
			isa = XCBuildConfiguration;
			baseConfigurationReference = 03892C8496FE1B80F9CF2191 /* Pods-RobinsLight.debug.xcconfig */;
			buildSettings = {
				ASSETCATALOG_COMPILER_APPICON_NAME = AppIcon;
				CODE_SIGN_ENTITLEMENTS = RobinsLight/RobinsLight.entitlements;
				CODE_SIGN_STYLE = Automatic;
				CURRENT_PROJECT_VERSION = 1.0.2;
				DERIVE_MACCATALYST_PRODUCT_BUNDLE_IDENTIFIER = YES;
				DEVELOPMENT_TEAM = Y2JVY29H4R;
				INFOPLIST_FILE = RobinsLight/Info.plist;
				LD_RUNPATH_SEARCH_PATHS = (
					"$(inherited)",
					"@executable_path/Frameworks",
				);
				MARKETING_VERSION = 1.0;
				PRODUCT_BUNDLE_IDENTIFIER = dev.mdb.devcore.ajay.RobinsLight;
				PRODUCT_NAME = "$(TARGET_NAME)";
				SUPPORTS_MACCATALYST = YES;
				SWIFT_VERSION = 5.0;
				TARGETED_DEVICE_FAMILY = "1,2";
			};
			name = Debug;
		};
		B71DCEC723640E0500D54AF1 /* Release */ = {
			isa = XCBuildConfiguration;
			baseConfigurationReference = 3ED081D96AAE1739F2E39996 /* Pods-RobinsLight.release.xcconfig */;
			buildSettings = {
				ASSETCATALOG_COMPILER_APPICON_NAME = AppIcon;
				CODE_SIGN_ENTITLEMENTS = RobinsLight/RobinsLight.entitlements;
				CODE_SIGN_STYLE = Automatic;
				CURRENT_PROJECT_VERSION = 1.0.2;
				DERIVE_MACCATALYST_PRODUCT_BUNDLE_IDENTIFIER = YES;
				DEVELOPMENT_TEAM = Y2JVY29H4R;
				INFOPLIST_FILE = RobinsLight/Info.plist;
				LD_RUNPATH_SEARCH_PATHS = (
					"$(inherited)",
					"@executable_path/Frameworks",
				);
				MARKETING_VERSION = 1.0;
				PRODUCT_BUNDLE_IDENTIFIER = dev.mdb.devcore.ajay.RobinsLight;
				PRODUCT_NAME = "$(TARGET_NAME)";
				SUPPORTS_MACCATALYST = YES;
				SWIFT_VERSION = 5.0;
				TARGETED_DEVICE_FAMILY = "1,2";
			};
			name = Release;
		};
/* End XCBuildConfiguration section */

/* Begin XCConfigurationList section */
		B71DCEAC23640E0500D54AF1 /* Build configuration list for PBXProject "RobinsLight" */ = {
			isa = XCConfigurationList;
			buildConfigurations = (
				B71DCEC323640E0500D54AF1 /* Debug */,
				B71DCEC423640E0500D54AF1 /* Release */,
			);
			defaultConfigurationIsVisible = 0;
			defaultConfigurationName = Release;
		};
		B71DCEC523640E0500D54AF1 /* Build configuration list for PBXNativeTarget "RobinsLight" */ = {
			isa = XCConfigurationList;
			buildConfigurations = (
				B71DCEC623640E0500D54AF1 /* Debug */,
				B71DCEC723640E0500D54AF1 /* Release */,
			);
			defaultConfigurationIsVisible = 0;
			defaultConfigurationName = Release;
		};
/* End XCConfigurationList section */
	};
	rootObject = B71DCEA923640E0500D54AF1 /* Project object */;
}
